// !$*UTF8*$!
{
	archiveVersion = 1;
	classes = {
	};
	objectVersion = 46;
	objects = {

/* Begin PBXBuildFile section */
		8B6854AE1ECC4A170034345B /* AppDelegate.swift in Sources */ = {isa = PBXBuildFile; fileRef = 8B6854AD1ECC4A170034345B /* AppDelegate.swift */; };
		8B6854B01ECC4A170034345B /* ViewController.swift in Sources */ = {isa = PBXBuildFile; fileRef = 8B6854AF1ECC4A170034345B /* ViewController.swift */; };
		8B6854B31ECC4A170034345B /* Main.storyboard in Resources */ = {isa = PBXBuildFile; fileRef = 8B6854B11ECC4A170034345B /* Main.storyboard */; };
		8B6854B51ECC4A170034345B /* Assets.xcassets in Resources */ = {isa = PBXBuildFile; fileRef = 8B6854B41ECC4A170034345B /* Assets.xcassets */; };
		8B6854B81ECC4A170034345B /* LaunchScreen.storyboard in Resources */ = {isa = PBXBuildFile; fileRef = 8B6854B61ECC4A170034345B /* LaunchScreen.storyboard */; };
		8B6854C31ECC4A170034345B /* aTests.swift in Sources */ = {isa = PBXBuildFile; fileRef = 8B6854C21ECC4A170034345B /* aTests.swift */; };
		8B6854CE1ECC4A170034345B /* aUITests.swift in Sources */ = {isa = PBXBuildFile; fileRef = 8B6854CD1ECC4A170034345B /* aUITests.swift */; };
		8BC17C361ECC5D3700A4EF40 /* ListCollectionViewController.swift in Sources */ = {isa = PBXBuildFile; fileRef = 8BC17C351ECC5D3700A4EF40 /* ListCollectionViewController.swift */; };
		8BC17C391ECC62E300A4EF40 /* CollectionViewCell.swift in Sources */ = {isa = PBXBuildFile; fileRef = 8BC17C371ECC62E300A4EF40 /* CollectionViewCell.swift */; };
		8BC17C3A1ECC62E300A4EF40 /* CollectionViewCell.xib in Resources */ = {isa = PBXBuildFile; fileRef = 8BC17C381ECC62E300A4EF40 /* CollectionViewCell.xib */; };
/* End PBXBuildFile section */

/* Begin PBXContainerItemProxy section */
		8B6854BF1ECC4A170034345B /* PBXContainerItemProxy */ = {
			isa = PBXContainerItemProxy;
			containerPortal = 8B6854A21ECC4A170034345B /* Project object */;
			proxyType = 1;
			remoteGlobalIDString = 8B6854A91ECC4A170034345B;
			remoteInfo = a;
		};
		8B6854CA1ECC4A170034345B /* PBXContainerItemProxy */ = {
			isa = PBXContainerItemProxy;
			containerPortal = 8B6854A21ECC4A170034345B /* Project object */;
			proxyType = 1;
			remoteGlobalIDString = 8B6854A91ECC4A170034345B;
			remoteInfo = a;
		};
/* End PBXContainerItemProxy section */

/* Begin PBXFileReference section */
		8B6854AA1ECC4A170034345B /* a.app */ = {isa = PBXFileReference; explicitFileType = wrapper.application; includeInIndex = 0; path = a.app; sourceTree = BUILT_PRODUCTS_DIR; };
		8B6854AD1ECC4A170034345B /* AppDelegate.swift */ = {isa = PBXFileReference; lastKnownFileType = sourcecode.swift; path = AppDelegate.swift; sourceTree = "<group>"; };
		8B6854AF1ECC4A170034345B /* ViewController.swift */ = {isa = PBXFileReference; lastKnownFileType = sourcecode.swift; path = ViewController.swift; sourceTree = "<group>"; };
		8B6854B21ECC4A170034345B /* Base */ = {isa = PBXFileReference; lastKnownFileType = file.storyboard; name = Base; path = Base.lproj/Main.storyboard; sourceTree = "<group>"; };
		8B6854B41ECC4A170034345B /* Assets.xcassets */ = {isa = PBXFileReference; lastKnownFileType = folder.assetcatalog; path = Assets.xcassets; sourceTree = "<group>"; };
		8B6854B71ECC4A170034345B /* Base */ = {isa = PBXFileReference; lastKnownFileType = file.storyboard; name = Base; path = Base.lproj/LaunchScreen.storyboard; sourceTree = "<group>"; };
		8B6854B91ECC4A170034345B /* Info.plist */ = {isa = PBXFileReference; lastKnownFileType = text.plist.xml; path = Info.plist; sourceTree = "<group>"; };
		8B6854BE1ECC4A170034345B /* aTests.xctest */ = {isa = PBXFileReference; explicitFileType = wrapper.cfbundle; includeInIndex = 0; path = aTests.xctest; sourceTree = BUILT_PRODUCTS_DIR; };
		8B6854C21ECC4A170034345B /* aTests.swift */ = {isa = PBXFileReference; lastKnownFileType = sourcecode.swift; path = aTests.swift; sourceTree = "<group>"; };
		8B6854C41ECC4A170034345B /* Info.plist */ = {isa = PBXFileReference; lastKnownFileType = text.plist.xml; path = Info.plist; sourceTree = "<group>"; };
		8B6854C91ECC4A170034345B /* aUITests.xctest */ = {isa = PBXFileReference; explicitFileType = wrapper.cfbundle; includeInIndex = 0; path = aUITests.xctest; sourceTree = BUILT_PRODUCTS_DIR; };
		8B6854CD1ECC4A170034345B /* aUITests.swift */ = {isa = PBXFileReference; lastKnownFileType = sourcecode.swift; path = aUITests.swift; sourceTree = "<group>"; };
		8B6854CF1ECC4A170034345B /* Info.plist */ = {isa = PBXFileReference; lastKnownFileType = text.plist.xml; path = Info.plist; sourceTree = "<group>"; };
		8BC17C351ECC5D3700A4EF40 /* ListCollectionViewController.swift */ = {isa = PBXFileReference; fileEncoding = 4; lastKnownFileType = sourcecode.swift; path = ListCollectionViewController.swift; sourceTree = "<group>"; };
		8BC17C371ECC62E300A4EF40 /* CollectionViewCell.swift */ = {isa = PBXFileReference; fileEncoding = 4; lastKnownFileType = sourcecode.swift; path = CollectionViewCell.swift; sourceTree = "<group>"; };
		8BC17C381ECC62E300A4EF40 /* CollectionViewCell.xib */ = {isa = PBXFileReference; fileEncoding = 4; lastKnownFileType = file.xib; path = CollectionViewCell.xib; sourceTree = "<group>"; };
/* End PBXFileReference section */

/* Begin PBXFrameworksBuildPhase section */
		8B6854A71ECC4A170034345B /* Frameworks */ = {
			isa = PBXFrameworksBuildPhase;
			buildActionMask = 2147483647;
			files = (
			);
			runOnlyForDeploymentPostprocessing = 0;
		};
		8B6854BB1ECC4A170034345B /* Frameworks */ = {
			isa = PBXFrameworksBuildPhase;
			buildActionMask = 2147483647;
			files = (
			);
			runOnlyForDeploymentPostprocessing = 0;
		};
		8B6854C61ECC4A170034345B /* Frameworks */ = {
			isa = PBXFrameworksBuildPhase;
			buildActionMask = 2147483647;
			files = (
			);
			runOnlyForDeploymentPostprocessing = 0;
		};
/* End PBXFrameworksBuildPhase section */

/* Begin PBXGroup section */
		8B6854A11ECC4A170034345B = {
			isa = PBXGroup;
			children = (
				8B6854AC1ECC4A170034345B /* a */,
				8B6854C11ECC4A170034345B /* aTests */,
				8B6854CC1ECC4A170034345B /* aUITests */,
				8B6854AB1ECC4A170034345B /* Products */,
			);
			sourceTree = "<group>";
		};
		8B6854AB1ECC4A170034345B /* Products */ = {
			isa = PBXGroup;
			children = (
				8B6854AA1ECC4A170034345B /* a.app */,
				8B6854BE1ECC4A170034345B /* aTests.xctest */,
				8B6854C91ECC4A170034345B /* aUITests.xctest */,
			);
			name = Products;
			sourceTree = "<group>";
		};
		8B6854AC1ECC4A170034345B /* a */ = {
			isa = PBXGroup;
			children = (
				8B6854AD1ECC4A170034345B /* AppDelegate.swift */,
				8B6854B11ECC4A170034345B /* Main.storyboard */,
				8B6854AF1ECC4A170034345B /* ViewController.swift */,
				8BC17C351ECC5D3700A4EF40 /* ListCollectionViewController.swift */,
				8BC17C371ECC62E300A4EF40 /* CollectionViewCell.swift */,
				8BC17C381ECC62E300A4EF40 /* CollectionViewCell.xib */,
				8B6854B41ECC4A170034345B /* Assets.xcassets */,
				8B6854B61ECC4A170034345B /* LaunchScreen.storyboard */,
				8B6854B91ECC4A170034345B /* Info.plist */,
			);
			path = a;
			sourceTree = "<group>";
		};
		8B6854C11ECC4A170034345B /* aTests */ = {
			isa = PBXGroup;
			children = (
				8B6854C21ECC4A170034345B /* aTests.swift */,
				8B6854C41ECC4A170034345B /* Info.plist */,
			);
			path = aTests;
			sourceTree = "<group>";
		};
		8B6854CC1ECC4A170034345B /* aUITests */ = {
			isa = PBXGroup;
			children = (
				8B6854CD1ECC4A170034345B /* aUITests.swift */,
				8B6854CF1ECC4A170034345B /* Info.plist */,
			);
			path = aUITests;
			sourceTree = "<group>";
		};
/* End PBXGroup section */

/* Begin PBXNativeTarget section */
		8B6854A91ECC4A170034345B /* a */ = {
			isa = PBXNativeTarget;
			buildConfigurationList = 8B6854D21ECC4A170034345B /* Build configuration list for PBXNativeTarget "a" */;
			buildPhases = (
				8B6854A61ECC4A170034345B /* Sources */,
				8B6854A71ECC4A170034345B /* Frameworks */,
				8B6854A81ECC4A170034345B /* Resources */,
			);
			buildRules = (
			);
			dependencies = (
			);
			name = a;
			productName = a;
			productReference = 8B6854AA1ECC4A170034345B /* a.app */;
			productType = "com.apple.product-type.application";
		};
		8B6854BD1ECC4A170034345B /* aTests */ = {
			isa = PBXNativeTarget;
			buildConfigurationList = 8B6854D51ECC4A170034345B /* Build configuration list for PBXNativeTarget "aTests" */;
			buildPhases = (
				8B6854BA1ECC4A170034345B /* Sources */,
				8B6854BB1ECC4A170034345B /* Frameworks */,
				8B6854BC1ECC4A170034345B /* Resources */,
			);
			buildRules = (
			);
			dependencies = (
				8B6854C01ECC4A170034345B /* PBXTargetDependency */,
			);
			name = aTests;
			productName = aTests;
			productReference = 8B6854BE1ECC4A170034345B /* aTests.xctest */;
			productType = "com.apple.product-type.bundle.unit-test";
		};
		8B6854C81ECC4A170034345B /* aUITests */ = {
			isa = PBXNativeTarget;
			buildConfigurationList = 8B6854D81ECC4A170034345B /* Build configuration list for PBXNativeTarget "aUITests" */;
			buildPhases = (
				8B6854C51ECC4A170034345B /* Sources */,
				8B6854C61ECC4A170034345B /* Frameworks */,
				8B6854C71ECC4A170034345B /* Resources */,
			);
			buildRules = (
			);
			dependencies = (
				8B6854CB1ECC4A170034345B /* PBXTargetDependency */,
			);
			name = aUITests;
			productName = aUITests;
			productReference = 8B6854C91ECC4A170034345B /* aUITests.xctest */;
			productType = "com.apple.product-type.bundle.ui-testing";
		};
/* End PBXNativeTarget section */

/* Begin PBXProject section */
		8B6854A21ECC4A170034345B /* Project object */ = {
			isa = PBXProject;
			attributes = {
				LastSwiftUpdateCheck = 0830;
				LastUpgradeCheck = 0830;
				ORGANIZATIONNAME = kokiide;
				TargetAttributes = {
					8B6854A91ECC4A170034345B = {
						CreatedOnToolsVersion = 8.3.1;
						DevelopmentTeam = XT2293QFD9;
						ProvisioningStyle = Automatic;
					};
					8B6854BD1ECC4A170034345B = {
						CreatedOnToolsVersion = 8.3.1;
						DevelopmentTeam = XT2293QFD9;
						ProvisioningStyle = Automatic;
						TestTargetID = 8B6854A91ECC4A170034345B;
					};
					8B6854C81ECC4A170034345B = {
						CreatedOnToolsVersion = 8.3.1;
						DevelopmentTeam = XT2293QFD9;
						ProvisioningStyle = Automatic;
						TestTargetID = 8B6854A91ECC4A170034345B;
					};
				};
			};
			buildConfigurationList = 8B6854A51ECC4A170034345B /* Build configuration list for PBXProject "a" */;
			compatibilityVersion = "Xcode 3.2";
			developmentRegion = English;
			hasScannedForEncodings = 0;
			knownRegions = (
				en,
				Base,
			);
			mainGroup = 8B6854A11ECC4A170034345B;
			productRefGroup = 8B6854AB1ECC4A170034345B /* Products */;
			projectDirPath = "";
			projectRoot = "";
			targets = (
				8B6854A91ECC4A170034345B /* a */,
				8B6854BD1ECC4A170034345B /* aTests */,
				8B6854C81ECC4A170034345B /* aUITests */,
			);
		};
/* End PBXProject section */

/* Begin PBXResourcesBuildPhase section */
		8B6854A81ECC4A170034345B /* Resources */ = {
			isa = PBXResourcesBuildPhase;
			buildActionMask = 2147483647;
			files = (
				8B6854B81ECC4A170034345B /* LaunchScreen.storyboard in Resources */,
				8B6854B51ECC4A170034345B /* Assets.xcassets in Resources */,
				8BC17C3A1ECC62E300A4EF40 /* CollectionViewCell.xib in Resources */,
				8B6854B31ECC4A170034345B /* Main.storyboard in Resources */,
			);
			runOnlyForDeploymentPostprocessing = 0;
		};
		8B6854BC1ECC4A170034345B /* Resources */ = {
			isa = PBXResourcesBuildPhase;
			buildActionMask = 2147483647;
			files = (
			);
			runOnlyForDeploymentPostprocessing = 0;
		};
		8B6854C71ECC4A170034345B /* Resources */ = {
			isa = PBXResourcesBuildPhase;
			buildActionMask = 2147483647;
			files = (
			);
			runOnlyForDeploymentPostprocessing = 0;
		};
/* End PBXResourcesBuildPhase section */

/* Begin PBXSourcesBuildPhase section */
		8B6854A61ECC4A170034345B /* Sources */ = {
			isa = PBXSourcesBuildPhase;
			buildActionMask = 2147483647;
			files = (
				8BC17C361ECC5D3700A4EF40 /* ListCollectionViewController.swift in Sources */,
				8B6854B01ECC4A170034345B /* ViewController.swift in Sources */,
				8BC17C391ECC62E300A4EF40 /* CollectionViewCell.swift in Sources */,
				8B6854AE1ECC4A170034345B /* AppDelegate.swift in Sources */,
			);
			runOnlyForDeploymentPostprocessing = 0;
		};
		8B6854BA1ECC4A170034345B /* Sources */ = {
			isa = PBXSourcesBuildPhase;
			buildActionMask = 2147483647;
			files = (
				8B6854C31ECC4A170034345B /* aTests.swift in Sources */,
			);
			runOnlyForDeploymentPostprocessing = 0;
		};
		8B6854C51ECC4A170034345B /* Sources */ = {
			isa = PBXSourcesBuildPhase;
			buildActionMask = 2147483647;
			files = (
				8B6854CE1ECC4A170034345B /* aUITests.swift in Sources */,
			);
			runOnlyForDeploymentPostprocessing = 0;
		};
/* End PBXSourcesBuildPhase section */

/* Begin PBXTargetDependency section */
		8B6854C01ECC4A170034345B /* PBXTargetDependency */ = {
			isa = PBXTargetDependency;
			target = 8B6854A91ECC4A170034345B /* a */;
			targetProxy = 8B6854BF1ECC4A170034345B /* PBXContainerItemProxy */;
		};
		8B6854CB1ECC4A170034345B /* PBXTargetDependency */ = {
			isa = PBXTargetDependency;
			target = 8B6854A91ECC4A170034345B /* a */;
			targetProxy = 8B6854CA1ECC4A170034345B /* PBXContainerItemProxy */;
		};
/* End PBXTargetDependency section */

/* Begin PBXVariantGroup section */
		8B6854B11ECC4A170034345B /* Main.storyboard */ = {
			isa = PBXVariantGroup;
			children = (
				8B6854B21ECC4A170034345B /* Base */,
			);
			name = Main.storyboard;
			sourceTree = "<group>";
		};
		8B6854B61ECC4A170034345B /* LaunchScreen.storyboard */ = {
			isa = PBXVariantGroup;
			children = (
				8B6854B71ECC4A170034345B /* Base */,
			);
			name = LaunchScreen.storyboard;
			sourceTree = "<group>";
		};
/* End PBXVariantGroup section */

/* Begin XCBuildConfiguration section */
		8B6854D01ECC4A170034345B /* Debug */ = {
			isa = XCBuildConfiguration;
			buildSettings = {
				ALWAYS_SEARCH_USER_PATHS = NO;
				CLANG_ANALYZER_NONNULL = YES;
				CLANG_ANALYZER_NUMBER_OBJECT_CONVERSION = YES_AGGRESSIVE;
				CLANG_CXX_LANGUAGE_STANDARD = "gnu++0x";
				CLANG_CXX_LIBRARY = "libc++";
				CLANG_ENABLE_MODULES = YES;
				CLANG_ENABLE_OBJC_ARC = YES;
				CLANG_WARN_BOOL_CONVERSION = YES;
				CLANG_WARN_CONSTANT_CONVERSION = YES;
				CLANG_WARN_DIRECT_OBJC_ISA_USAGE = YES_ERROR;
				CLANG_WARN_DOCUMENTATION_COMMENTS = YES;
				CLANG_WARN_EMPTY_BODY = YES;
				CLANG_WARN_ENUM_CONVERSION = YES;
				CLANG_WARN_INFINITE_RECURSION = YES;
				CLANG_WARN_INT_CONVERSION = YES;
				CLANG_WARN_OBJC_ROOT_CLASS = YES_ERROR;
				CLANG_WARN_SUSPICIOUS_MOVE = YES;
				CLANG_WARN_UNREACHABLE_CODE = YES;
				CLANG_WARN__DUPLICATE_METHOD_MATCH = YES;
				"CODE_SIGN_IDENTITY[sdk=iphoneos*]" = "iPhone Developer";
				COPY_PHASE_STRIP = NO;
				DEBUG_INFORMATION_FORMAT = dwarf;
				ENABLE_STRICT_OBJC_MSGSEND = YES;
				ENABLE_TESTABILITY = YES;
				GCC_C_LANGUAGE_STANDARD = gnu99;
				GCC_DYNAMIC_NO_PIC = NO;
				GCC_NO_COMMON_BLOCKS = YES;
				GCC_OPTIMIZATION_LEVEL = 0;
				GCC_PREPROCESSOR_DEFINITIONS = (
					"DEBUG=1",
					"$(inherited)",
				);
				GCC_WARN_64_TO_32_BIT_CONVERSION = YES;
				GCC_WARN_ABOUT_RETURN_TYPE = YES_ERROR;
				GCC_WARN_UNDECLARED_SELECTOR = YES;
				GCC_WARN_UNINITIALIZED_AUTOS = YES_AGGRESSIVE;
				GCC_WARN_UNUSED_FUNCTION = YES;
				GCC_WARN_UNUSED_VARIABLE = YES;
				IPHONEOS_DEPLOYMENT_TARGET = 10.3;
				MTL_ENABLE_DEBUG_INFO = YES;
				ONLY_ACTIVE_ARCH = YES;
				SDKROOT = iphoneos;
				SWIFT_ACTIVE_COMPILATION_CONDITIONS = DEBUG;
				SWIFT_OPTIMIZATION_LEVEL = "-Onone";
			};
			name = Debug;
		};
		8B6854D11ECC4A170034345B /* Release */ = {
			isa = XCBuildConfiguration;
			buildSettings = {
				ALWAYS_SEARCH_USER_PATHS = NO;
				CLANG_ANALYZER_NONNULL = YES;
				CLANG_ANALYZER_NUMBER_OBJECT_CONVERSION = YES_AGGRESSIVE;
				CLANG_CXX_LANGUAGE_STANDARD = "gnu++0x";
				CLANG_CXX_LIBRARY = "libc++";
				CLANG_ENABLE_MODULES = YES;
				CLANG_ENABLE_OBJC_ARC = YES;
				CLANG_WARN_BOOL_CONVERSION = YES;
				CLANG_WARN_CONSTANT_CONVERSION = YES;
				CLANG_WARN_DIRECT_OBJC_ISA_USAGE = YES_ERROR;
				CLANG_WARN_DOCUMENTATION_COMMENTS = YES;
				CLANG_WARN_EMPTY_BODY = YES;
				CLANG_WARN_ENUM_CONVERSION = YES;
				CLANG_WARN_INFINITE_RECURSION = YES;
				CLANG_WARN_INT_CONVERSION = YES;
				CLANG_WARN_OBJC_ROOT_CLASS = YES_ERROR;
				CLANG_WARN_SUSPICIOUS_MOVE = YES;
				CLANG_WARN_UNREACHABLE_CODE = YES;
				CLANG_WARN__DUPLICATE_METHOD_MATCH = YES;
				"CODE_SIGN_IDENTITY[sdk=iphoneos*]" = "iPhone Developer";
				COPY_PHASE_STRIP = NO;
				DEBUG_INFORMATION_FORMAT = "dwarf-with-dsym";
				ENABLE_NS_ASSERTIONS = NO;
				ENABLE_STRICT_OBJC_MSGSEND = YES;
				GCC_C_LANGUAGE_STANDARD = gnu99;
				GCC_NO_COMMON_BLOCKS = YES;
				GCC_WARN_64_TO_32_BIT_CONVERSION = YES;
				GCC_WARN_ABOUT_RETURN_TYPE = YES_ERROR;
				GCC_WARN_UNDECLARED_SELECTOR = YES;
				GCC_WARN_UNINITIALIZED_AUTOS = YES_AGGRESSIVE;
				GCC_WARN_UNUSED_FUNCTION = YES;
				GCC_WARN_UNUSED_VARIABLE = YES;
				IPHONEOS_DEPLOYMENT_TARGET = 10.3;
				MTL_ENABLE_DEBUG_INFO = NO;
				SDKROOT = iphoneos;
				SWIFT_OPTIMIZATION_LEVEL = "-Owholemodule";
				VALIDATE_PRODUCT = YES;
			};
			name = Release;
		};
		8B6854D31ECC4A170034345B /* Debug */ = {
			isa = XCBuildConfiguration;
			buildSettings = {
				ASSETCATALOG_COMPILER_APPICON_NAME = AppIcon;
				DEVELOPMENT_TEAM = XT2293QFD9;
				INFOPLIST_FILE = a/Info.plist;
				LD_RUNPATH_SEARCH_PATHS = "$(inherited) @executable_path/Frameworks";
				PRODUCT_BUNDLE_IDENTIFIER = com.kokiide.a;
				PRODUCT_NAME = "$(TARGET_NAME)";
				SWIFT_VERSION = 3.0;
			};
			name = Debug;
		};
		8B6854D41ECC4A170034345B /* Release */ = {
			isa = XCBuildConfiguration;
			buildSettings = {
				ASSETCATALOG_COMPILER_APPICON_NAME = AppIcon;
				DEVELOPMENT_TEAM = XT2293QFD9;
				INFOPLIST_FILE = a/Info.plist;
				LD_RUNPATH_SEARCH_PATHS = "$(inherited) @executable_path/Frameworks";
				PRODUCT_BUNDLE_IDENTIFIER = com.kokiide.a;
				PRODUCT_NAME = "$(TARGET_NAME)";
				SWIFT_VERSION = 3.0;
			};
			name = Release;
		};
		8B6854D61ECC4A170034345B /* Debug */ = {
			isa = XCBuildConfiguration;
			buildSettings = {
				ALWAYS_EMBED_SWIFT_STANDARD_LIBRARIES = YES;
				BUNDLE_LOADER = "$(TEST_HOST)";
				DEVELOPMENT_TEAM = XT2293QFD9;
				INFOPLIST_FILE = aTests/Info.plist;
				LD_RUNPATH_SEARCH_PATHS = "$(inherited) @executable_path/Frameworks @loader_path/Frameworks";
				PRODUCT_BUNDLE_IDENTIFIER = com.kokiide.aTests;
				PRODUCT_NAME = "$(TARGET_NAME)";
				SWIFT_VERSION = 3.0;
				TEST_HOST = "$(BUILT_PRODUCTS_DIR)/a.app/a";
			};
			name = Debug;
		};
		8B6854D71ECC4A170034345B /* Release */ = {
			isa = XCBuildConfiguration;
			buildSettings = {
				ALWAYS_EMBED_SWIFT_STANDARD_LIBRARIES = YES;
				BUNDLE_LOADER = "$(TEST_HOST)";
				DEVELOPMENT_TEAM = XT2293QFD9;
				INFOPLIST_FILE = aTests/Info.plist;
				LD_RUNPATH_SEARCH_PATHS = "$(inherited) @executable_path/Frameworks @loader_path/Frameworks";
				PRODUCT_BUNDLE_IDENTIFIER = com.kokiide.aTests;
				PRODUCT_NAME = "$(TARGET_NAME)";
				SWIFT_VERSION = 3.0;
				TEST_HOST = "$(BUILT_PRODUCTS_DIR)/a.app/a";
			};
			name = Release;
		};
		8B6854D91ECC4A170034345B /* Debug */ = {
			isa = XCBuildConfiguration;
			buildSettings = {
				ALWAYS_EMBED_SWIFT_STANDARD_LIBRARIES = YES;
				DEVELOPMENT_TEAM = XT2293QFD9;
				INFOPLIST_FILE = aUITests/Info.plist;
				LD_RUNPATH_SEARCH_PATHS = "$(inherited) @executable_path/Frameworks @loader_path/Frameworks";
				PRODUCT_BUNDLE_IDENTIFIER = com.kokiide.aUITests;
				PRODUCT_NAME = "$(TARGET_NAME)";
				SWIFT_VERSION = 3.0;
				TEST_TARGET_NAME = a;
			};
			name = Debug;
		};
		8B6854DA1ECC4A170034345B /* Release */ = {
			isa = XCBuildConfiguration;
			buildSettings = {
				ALWAYS_EMBED_SWIFT_STANDARD_LIBRARIES = YES;
				DEVELOPMENT_TEAM = XT2293QFD9;
				INFOPLIST_FILE = aUITests/Info.plist;
				LD_RUNPATH_SEARCH_PATHS = "$(inherited) @executable_path/Frameworks @loader_path/Frameworks";
				PRODUCT_BUNDLE_IDENTIFIER = com.kokiide.aUITests;
				PRODUCT_NAME = "$(TARGET_NAME)";
				SWIFT_VERSION = 3.0;
				TEST_TARGET_NAME = a;
			};
			name = Release;
		};
/* End XCBuildConfiguration section */

/* Begin XCConfigurationList section */
		8B6854A51ECC4A170034345B /* Build configuration list for PBXProject "a" */ = {
			isa = XCConfigurationList;
			buildConfigurations = (
				8B6854D01ECC4A170034345B /* Debug */,
				8B6854D11ECC4A170034345B /* Release */,
			);
			defaultConfigurationIsVisible = 0;
			defaultConfigurationName = Release;
		};
		8B6854D21ECC4A170034345B /* Build configuration list for PBXNativeTarget "a" */ = {
			isa = XCConfigurationList;
			buildConfigurations = (
				8B6854D31ECC4A170034345B /* Debug */,
				8B6854D41ECC4A170034345B /* Release */,
			);
			defaultConfigurationIsVisible = 0;
			defaultConfigurationName = Release;
		};
		8B6854D51ECC4A170034345B /* Build configuration list for PBXNativeTarget "aTests" */ = {
			isa = XCConfigurationList;
			buildConfigurations = (
				8B6854D61ECC4A170034345B /* Debug */,
				8B6854D71ECC4A170034345B /* Release */,
			);
			defaultConfigurationIsVisible = 0;
			defaultConfigurationName = Release;
		};
		8B6854D81ECC4A170034345B /* Build configuration list for PBXNativeTarget "aUITests" */ = {
			isa = XCConfigurationList;
			buildConfigurations = (
				8B6854D91ECC4A170034345B /* Debug */,
				8B6854DA1ECC4A170034345B /* Release */,
			);
			defaultConfigurationIsVisible = 0;
			defaultConfigurationName = Release;
		};
/* End XCConfigurationList section */
	};
	rootObject = 8B6854A21ECC4A170034345B /* Project object */;
}
